
Microsoft Visual Studio Solution File, Format Version 12.00
# Visual Studio Version 17
VisualStudioVersion = 17.11.35312.102
MinimumVisualStudioVersion = 10.0.40219.1
Project("{FAE04EC0-301F-11D3-BF4B-00C04F79EFBC}") = "conditerskaya", "conditerskaya.csproj", "{257A2009-1511-4B44-A730-CBE13E8653E0}"
EndProject
Global
	GlobalSection(SolutionConfigurationPlatforms) = preSolution
		Debug|Any CPU = Debug|Any CPU
		Release|Any CPU = Release|Any CPU
	EndGlobalSection
	GlobalSection(ProjectConfigurationPlatforms) = postSolution
		{257A2009-1511-4B44-A730-CBE13E8653E0}.Debug|Any CPU.ActiveCfg = Debug|Any CPU
		{257A2009-1511-4B44-A730-CBE13E8653E0}.Debug|Any CPU.Build.0 = Debug|Any CPU
		{257A2009-1511-4B44-A730-CBE13E8653E0}.Release|Any CPU.ActiveCfg = Release|Any CPU
		{257A2009-1511-4B44-A730-CBE13E8653E0}.Release|Any CPU.Build.0 = Release|Any CPU
	EndGlobalSection
	GlobalSection(SolutionProperties) = preSolution
		HideSolutionNode = FALSE
	EndGlobalSection
	GlobalSection(ExtensibilityGlobals) = postSolution
		SolutionGuid = {B9E141BC-A88C-4C99-B241-7BA9AEF8322C}
	EndGlobalSection
EndGlobal
